{
  "nodes": {
    "flake-utils": {
      "locked": {
        "lastModified": 1659877975,
        "narHash": "sha256-zllb8aq3YO3h8B/U0/J1WBgAL8EX5yWf5pMj3G0NAmc=",
        "owner": "numtide",
        "repo": "flake-utils",
        "rev": "c0e246b9b83f637f4681389ecabcb2681b4f3af0",
        "type": "github"
      },
      "original": {
        "owner": "numtide",
        "repo": "flake-utils",
        "type": "github"
      }
    },
    "flake-utils_2": {
      "locked": {
        "lastModified": 1659877975,
        "narHash": "sha256-zllb8aq3YO3h8B/U0/J1WBgAL8EX5yWf5pMj3G0NAmc=",
        "owner": "numtide",
        "repo": "flake-utils",
        "rev": "c0e246b9b83f637f4681389ecabcb2681b4f3af0",
        "type": "github"
      },
      "original": {
        "owner": "numtide",
        "repo": "flake-utils",
        "type": "github"
      }
    },
    "nixpkgs": {
      "locked": {
        "lastModified": 1666531528,
        "narHash": "sha256-ecYjIYJYmUItF4kneoPXNj4r91fWDVwIGaIQEha1Tsw=",
        "owner": "nixos",
        "repo": "nixpkgs",
        "rev": "8b38543f0ab2ff1e788371836b2a5c5c3cf61793",
        "type": "github"
      },
      "original": {
        "owner": "nixos",
        "ref": "release-22.05",
        "repo": "nixpkgs",
        "type": "github"
      }
    },
    "nixpkgs-darwin": {
      "locked": {
        "lastModified": 1666531528,
        "narHash": "sha256-ecYjIYJYmUItF4kneoPXNj4r91fWDVwIGaIQEha1Tsw=",
        "owner": "nixos",
        "repo": "nixpkgs",
        "rev": "8b38543f0ab2ff1e788371836b2a5c5c3cf61793",
        "type": "github"
      },
      "original": {
        "owner": "nixos",
        "ref": "nixpkgs-22.05-darwin",
        "repo": "nixpkgs",
        "type": "github"
      }
    },
    "nixpkgs_2": {
      "locked": {
        "lastModified": 1661151577,
        "narHash": "sha256-++S0TuJtuz9IpqP8rKktWyHZKpgdyrzDFUXVY07MTRI=",
        "owner": "NixOS",
        "repo": "nixpkgs",
        "rev": "54060e816971276da05970a983487a25810c38a7",
        "type": "github"
      },
      "original": {
        "owner": "NixOS",
        "ref": "nixpkgs-unstable",
        "repo": "nixpkgs",
        "type": "github"
      }
    },
    "root": {
      "inputs": {
        "flake-utils": "flake-utils",
        "nixpkgs": "nixpkgs",
        "nixpkgs-darwin": "nixpkgs-darwin",
        "zig-overlay": "zig-overlay"
      }
    },
    "zig-overlay": {
      "inputs": {
        "flake-utils": "flake-utils_2",
        "nixpkgs": "nixpkgs_2"
      },
      "locked": {
        "lastModified": 1666526970,
        "narHash": "sha256-qfhQNN36Bc1RNGtIC63Gc2UcE27Y9FQ/+uKuujimKms=",
        "owner": "mitchellh",
        "repo": "zig-overlay",
        "rev": "c6d01ab96647f8dc4b5f99bc2eb71eeec48d1330",
        "type": "github"
      },
      "original": {
        "owner": "mitchellh",
        "repo": "zig-overlay",
        "type": "github"
      }
    }
  },
  "root": "root",
  "version": 7
}
